{
  "requires": true,
  "lockfileVersion": 1,
  "dependencies": {
    "readline-sync": {
      "version": "1.4.7",
      "resolved": "https://registry.npmjs.org/readline-sync/-/readline-sync-1.4.7.tgz",
      "integrity": "sha1-ABv91MBhEMPAhMY798alYCIhPzA="
    }
  }
}

// {
//   "name": "caeser-cipher",
//   "version": "1.0.0",
//   "description": "Source: https://coursework.vschool.io/caeser-cipher/",
//   "main": "index.js",
//   "scripts": {
//     "test": "echo \"Error: no test specified\" && exit 1"
//   },
//   "keywords": [],
//   "author": "",
//   "license": "ISC",
//   "dependencies": {
//     "readline-sync": "^1.4.7"
//   }
// }